// !$*UTF8*$!
{
	archiveVersion = 1;
	classes = {
	};
	objectVersion = 55;
	objects = {

/* Begin PBXBuildFile section */
		FB3BD01F2721CD0600247239 /* iChooseApp.swift in Sources */ = {isa = PBXBuildFile; fileRef = FB3BD01E2721CD0600247239 /* iChooseApp.swift */; };
		FB3BD0212721CD0600247239 /* ContentView.swift in Sources */ = {isa = PBXBuildFile; fileRef = FB3BD0202721CD0600247239 /* ContentView.swift */; };
		FB3BD0232721CD0800247239 /* Assets.xcassets in Resources */ = {isa = PBXBuildFile; fileRef = FB3BD0222721CD0800247239 /* Assets.xcassets */; };
		FB3BD0262721CD0800247239 /* Preview Assets.xcassets in Resources */ = {isa = PBXBuildFile; fileRef = FB3BD0252721CD0800247239 /* Preview Assets.xcassets */; };
		FB3BD02D2721CDC900247239 /* WelcomeUIView.swift in Sources */ = {isa = PBXBuildFile; fileRef = FB3BD02C2721CDC900247239 /* WelcomeUIView.swift */; };
		FB3BD02F2721CE5900247239 /* ReadNewsUIView.swift in Sources */ = {isa = PBXBuildFile; fileRef = FB3BD02E2721CE5900247239 /* ReadNewsUIView.swift */; };
		FB3BD0312721CE9D00247239 /* ReportsUIView.swift in Sources */ = {isa = PBXBuildFile; fileRef = FB3BD0302721CE9D00247239 /* ReportsUIView.swift */; };
		FB3BD0332721CF3100247239 /* VotingUIView.swift in Sources */ = {isa = PBXBuildFile; fileRef = FB3BD0322721CF3100247239 /* VotingUIView.swift */; };
		FB3BD0352721D0FD00247239 /* BenvenutoUIView.swift in Sources */ = {isa = PBXBuildFile; fileRef = FB3BD0342721D0FD00247239 /* BenvenutoUIView.swift */; };
		FB3BD0372721D18400247239 /* HomeNotUserUIView.swift in Sources */ = {isa = PBXBuildFile; fileRef = FB3BD0362721D18300247239 /* HomeNotUserUIView.swift */; };
		FB3BD0392721D28900247239 /* RegistrationUIView.swift in Sources */ = {isa = PBXBuildFile; fileRef = FB3BD0382721D28900247239 /* RegistrationUIView.swift */; };
		FB3BD03B2721D30E00247239 /* LoginUIView.swift in Sources */ = {isa = PBXBuildFile; fileRef = FB3BD03A2721D30E00247239 /* LoginUIView.swift */; };
		FB3BD03D2721D38500247239 /* HomeUserUIView.swift in Sources */ = {isa = PBXBuildFile; fileRef = FB3BD03C2721D38400247239 /* HomeUserUIView.swift */; };
		FB3BD03F2721D41E00247239 /* TabUIView.swift in Sources */ = {isa = PBXBuildFile; fileRef = FB3BD03E2721D41E00247239 /* TabUIView.swift */; };
		FB3BD0412721D48600247239 /* PollsUIView.swift in Sources */ = {isa = PBXBuildFile; fileRef = FB3BD0402721D48600247239 /* PollsUIView.swift */; };
		FB3BD0432721D4D300247239 /* CardViewVotedUIView.swift in Sources */ = {isa = PBXBuildFile; fileRef = FB3BD0422721D4D300247239 /* CardViewVotedUIView.swift */; };
		FB3BD0452721D51500247239 /* CardViewExpiredUIView.swift in Sources */ = {isa = PBXBuildFile; fileRef = FB3BD0442721D51500247239 /* CardViewExpiredUIView.swift */; };
		FB3BD0492721D55700247239 /* CardViewOngoingUIView.swift in Sources */ = {isa = PBXBuildFile; fileRef = FB3BD0482721D55700247239 /* CardViewOngoingUIView.swift */; };
		FB3BD04B2721D5DE00247239 /* ExpiredDetailUIView.swift in Sources */ = {isa = PBXBuildFile; fileRef = FB3BD04A2721D5DE00247239 /* ExpiredDetailUIView.swift */; };
		FB3BD04D2721D61000247239 /* VotedDetailUIView.swift in Sources */ = {isa = PBXBuildFile; fileRef = FB3BD04C2721D61000247239 /* VotedDetailUIView.swift */; };
		FB3BD04F2721D64B00247239 /* OngoingDetailNotUserUIView.swift in Sources */ = {isa = PBXBuildFile; fileRef = FB3BD04E2721D64B00247239 /* OngoingDetailNotUserUIView.swift */; };
		FB3BD0512721D6D300247239 /* OngoingDetailUserUIView.swift in Sources */ = {isa = PBXBuildFile; fileRef = FB3BD0502721D6D300247239 /* OngoingDetailUserUIView.swift */; };
/* End PBXBuildFile section */

/* Begin PBXFileReference section */
		FB3BD01B2721CD0600247239 /* iChoose.app */ = {isa = PBXFileReference; explicitFileType = wrapper.application; includeInIndex = 0; path = iChoose.app; sourceTree = BUILT_PRODUCTS_DIR; };
		FB3BD01E2721CD0600247239 /* iChooseApp.swift */ = {isa = PBXFileReference; lastKnownFileType = sourcecode.swift; path = iChooseApp.swift; sourceTree = "<group>"; };
		FB3BD0202721CD0600247239 /* ContentView.swift */ = {isa = PBXFileReference; lastKnownFileType = sourcecode.swift; path = ContentView.swift; sourceTree = "<group>"; };
		FB3BD0222721CD0800247239 /* Assets.xcassets */ = {isa = PBXFileReference; lastKnownFileType = folder.assetcatalog; path = Assets.xcassets; sourceTree = "<group>"; };
		FB3BD0252721CD0800247239 /* Preview Assets.xcassets */ = {isa = PBXFileReference; lastKnownFileType = folder.assetcatalog; path = "Preview Assets.xcassets"; sourceTree = "<group>"; };
		FB3BD02C2721CDC900247239 /* WelcomeUIView.swift */ = {isa = PBXFileReference; lastKnownFileType = sourcecode.swift; path = WelcomeUIView.swift; sourceTree = "<group>"; };
		FB3BD02E2721CE5900247239 /* ReadNewsUIView.swift */ = {isa = PBXFileReference; lastKnownFileType = sourcecode.swift; path = ReadNewsUIView.swift; sourceTree = "<group>"; };
		FB3BD0302721CE9D00247239 /* ReportsUIView.swift */ = {isa = PBXFileReference; lastKnownFileType = sourcecode.swift; path = ReportsUIView.swift; sourceTree = "<group>"; };
		FB3BD0322721CF3100247239 /* VotingUIView.swift */ = {isa = PBXFileReference; lastKnownFileType = sourcecode.swift; path = VotingUIView.swift; sourceTree = "<group>"; };
		FB3BD0342721D0FD00247239 /* BenvenutoUIView.swift */ = {isa = PBXFileReference; lastKnownFileType = sourcecode.swift; path = BenvenutoUIView.swift; sourceTree = "<group>"; };
		FB3BD0362721D18300247239 /* HomeNotUserUIView.swift */ = {isa = PBXFileReference; lastKnownFileType = sourcecode.swift; path = HomeNotUserUIView.swift; sourceTree = "<group>"; };
		FB3BD0382721D28900247239 /* RegistrationUIView.swift */ = {isa = PBXFileReference; lastKnownFileType = sourcecode.swift; path = RegistrationUIView.swift; sourceTree = "<group>"; };
		FB3BD03A2721D30E00247239 /* LoginUIView.swift */ = {isa = PBXFileReference; lastKnownFileType = sourcecode.swift; path = LoginUIView.swift; sourceTree = "<group>"; };
		FB3BD03C2721D38400247239 /* HomeUserUIView.swift */ = {isa = PBXFileReference; lastKnownFileType = sourcecode.swift; path = HomeUserUIView.swift; sourceTree = "<group>"; };
		FB3BD03E2721D41E00247239 /* TabUIView.swift */ = {isa = PBXFileReference; lastKnownFileType = sourcecode.swift; path = TabUIView.swift; sourceTree = "<group>"; };
		FB3BD0402721D48600247239 /* PollsUIView.swift */ = {isa = PBXFileReference; lastKnownFileType = sourcecode.swift; path = PollsUIView.swift; sourceTree = "<group>"; };
		FB3BD0422721D4D300247239 /* CardViewVotedUIView.swift */ = {isa = PBXFileReference; lastKnownFileType = sourcecode.swift; path = CardViewVotedUIView.swift; sourceTree = "<group>"; };
		FB3BD0442721D51500247239 /* CardViewExpiredUIView.swift */ = {isa = PBXFileReference; lastKnownFileType = sourcecode.swift; path = CardViewExpiredUIView.swift; sourceTree = "<group>"; };
		FB3BD0482721D55700247239 /* CardViewOngoingUIView.swift */ = {isa = PBXFileReference; lastKnownFileType = sourcecode.swift; path = CardViewOngoingUIView.swift; sourceTree = "<group>"; };
		FB3BD04A2721D5DE00247239 /* ExpiredDetailUIView.swift */ = {isa = PBXFileReference; lastKnownFileType = sourcecode.swift; path = ExpiredDetailUIView.swift; sourceTree = "<group>"; };
		FB3BD04C2721D61000247239 /* VotedDetailUIView.swift */ = {isa = PBXFileReference; lastKnownFileType = sourcecode.swift; path = VotedDetailUIView.swift; sourceTree = "<group>"; };
		FB3BD04E2721D64B00247239 /* OngoingDetailNotUserUIView.swift */ = {isa = PBXFileReference; lastKnownFileType = sourcecode.swift; path = OngoingDetailNotUserUIView.swift; sourceTree = "<group>"; };
		FB3BD0502721D6D300247239 /* OngoingDetailUserUIView.swift */ = {isa = PBXFileReference; lastKnownFileType = sourcecode.swift; path = OngoingDetailUserUIView.swift; sourceTree = "<group>"; };
/* End PBXFileReference section */

/* Begin PBXFrameworksBuildPhase section */
		FB3BD0182721CD0600247239 /* Frameworks */ = {
			isa = PBXFrameworksBuildPhase;
			buildActionMask = 2147483647;
			files = (
			);
			runOnlyForDeploymentPostprocessing = 0;
		};
/* End PBXFrameworksBuildPhase section */

/* Begin PBXGroup section */
		FB3BD0122721CD0600247239 = {
			isa = PBXGroup;
			children = (
				FB3BD01D2721CD0600247239 /* iChoose */,
				FB3BD01C2721CD0600247239 /* Products */,
			);
			sourceTree = "<group>";
		};
		FB3BD01C2721CD0600247239 /* Products */ = {
			isa = PBXGroup;
			children = (
				FB3BD01B2721CD0600247239 /* iChoose.app */,
			);
			name = Products;
			sourceTree = "<group>";
		};
		FB3BD01D2721CD0600247239 /* iChoose */ = {
			isa = PBXGroup;
			children = (
				FB3BD01E2721CD0600247239 /* iChooseApp.swift */,
				FB3BD02C2721CDC900247239 /* WelcomeUIView.swift */,
				FB3BD02E2721CE5900247239 /* ReadNewsUIView.swift */,
				FB3BD0302721CE9D00247239 /* ReportsUIView.swift */,
				FB3BD0322721CF3100247239 /* VotingUIView.swift */,
				FB3BD0342721D0FD00247239 /* BenvenutoUIView.swift */,
				FB3BD0362721D18300247239 /* HomeNotUserUIView.swift */,
				FB3BD0382721D28900247239 /* RegistrationUIView.swift */,
				FB3BD03A2721D30E00247239 /* LoginUIView.swift */,
				FB3BD03C2721D38400247239 /* HomeUserUIView.swift */,
				FB3BD03E2721D41E00247239 /* TabUIView.swift */,
				FB3BD0402721D48600247239 /* PollsUIView.swift */,
				FB3BD0422721D4D300247239 /* CardViewVotedUIView.swift */,
				FB3BD0442721D51500247239 /* CardViewExpiredUIView.swift */,
				FB3BD0482721D55700247239 /* CardViewOngoingUIView.swift */,
				FB3BD04A2721D5DE00247239 /* ExpiredDetailUIView.swift */,
				FB3BD04C2721D61000247239 /* VotedDetailUIView.swift */,
				FB3BD04E2721D64B00247239 /* OngoingDetailNotUserUIView.swift */,
				FB3BD0502721D6D300247239 /* OngoingDetailUserUIView.swift */,
				FB3BD0202721CD0600247239 /* ContentView.swift */,
				FB3BD0222721CD0800247239 /* Assets.xcassets */,
				FB3BD0242721CD0800247239 /* Preview Content */,
			);
			path = iChoose;
			sourceTree = "<group>";
		};
		FB3BD0242721CD0800247239 /* Preview Content */ = {
			isa = PBXGroup;
			children = (
				FB3BD0252721CD0800247239 /* Preview Assets.xcassets */,
			);
			path = "Preview Content";
			sourceTree = "<group>";
		};
/* End PBXGroup section */

/* Begin PBXNativeTarget section */
		FB3BD01A2721CD0600247239 /* iChoose */ = {
			isa = PBXNativeTarget;
			buildConfigurationList = FB3BD0292721CD0800247239 /* Build configuration list for PBXNativeTarget "iChoose" */;
			buildPhases = (
				FB3BD0172721CD0600247239 /* Sources */,
				FB3BD0182721CD0600247239 /* Frameworks */,
				FB3BD0192721CD0600247239 /* Resources */,
			);
			buildRules = (
			);
			dependencies = (
			);
			name = iChoose;
			productName = iChoose;
			productReference = FB3BD01B2721CD0600247239 /* iChoose.app */;
			productType = "com.apple.product-type.application";
		};
/* End PBXNativeTarget section */

/* Begin PBXProject section */
		FB3BD0132721CD0600247239 /* Project object */ = {
			isa = PBXProject;
			attributes = {
				BuildIndependentTargetsInParallel = 1;
				LastSwiftUpdateCheck = 1300;
				LastUpgradeCheck = 1300;
				TargetAttributes = {
					FB3BD01A2721CD0600247239 = {
						CreatedOnToolsVersion = 13.0;
					};
				};
			};
			buildConfigurationList = FB3BD0162721CD0600247239 /* Build configuration list for PBXProject "iChoose" */;
			compatibilityVersion = "Xcode 13.0";
			developmentRegion = en;
			hasScannedForEncodings = 0;
			knownRegions = (
				en,
				Base,
			);
			mainGroup = FB3BD0122721CD0600247239;
			productRefGroup = FB3BD01C2721CD0600247239 /* Products */;
			projectDirPath = "";
			projectRoot = "";
			targets = (
				FB3BD01A2721CD0600247239 /* iChoose */,
			);
		};
/* End PBXProject section */

/* Begin PBXResourcesBuildPhase section */
		FB3BD0192721CD0600247239 /* Resources */ = {
			isa = PBXResourcesBuildPhase;
			buildActionMask = 2147483647;
			files = (
				FB3BD0262721CD0800247239 /* Preview Assets.xcassets in Resources */,
				FB3BD0232721CD0800247239 /* Assets.xcassets in Resources */,
			);
			runOnlyForDeploymentPostprocessing = 0;
		};
/* End PBXResourcesBuildPhase section */

/* Begin PBXSourcesBuildPhase section */
		FB3BD0172721CD0600247239 /* Sources */ = {
			isa = PBXSourcesBuildPhase;
			buildActionMask = 2147483647;
			files = (
				FB3BD04D2721D61000247239 /* VotedDetailUIView.swift in Sources */,
				FB3BD03B2721D30E00247239 /* LoginUIView.swift in Sources */,
				FB3BD04B2721D5DE00247239 /* ExpiredDetailUIView.swift in Sources */,
				FB3BD0352721D0FD00247239 /* BenvenutoUIView.swift in Sources */,
				FB3BD0412721D48600247239 /* PollsUIView.swift in Sources */,
				FB3BD03F2721D41E00247239 /* TabUIView.swift in Sources */,
				FB3BD04F2721D64B00247239 /* OngoingDetailNotUserUIView.swift in Sources */,
				FB3BD0312721CE9D00247239 /* ReportsUIView.swift in Sources */,
				FB3BD0512721D6D300247239 /* OngoingDetailUserUIView.swift in Sources */,
				FB3BD0492721D55700247239 /* CardViewOngoingUIView.swift in Sources */,
				FB3BD02D2721CDC900247239 /* WelcomeUIView.swift in Sources */,
				FB3BD0392721D28900247239 /* RegistrationUIView.swift in Sources */,
				FB3BD02F2721CE5900247239 /* ReadNewsUIView.swift in Sources */,
				FB3BD0372721D18400247239 /* HomeNotUserUIView.swift in Sources */,
				FB3BD0212721CD0600247239 /* ContentView.swift in Sources */,
				FB3BD0432721D4D300247239 /* CardViewVotedUIView.swift in Sources */,
				FB3BD03D2721D38500247239 /* HomeUserUIView.swift in Sources */,
				FB3BD01F2721CD0600247239 /* iChooseApp.swift in Sources */,
				FB3BD0452721D51500247239 /* CardViewExpiredUIView.swift in Sources */,
				FB3BD0332721CF3100247239 /* VotingUIView.swift in Sources */,
			);
			runOnlyForDeploymentPostprocessing = 0;
		};
/* End PBXSourcesBuildPhase section */

/* Begin XCBuildConfiguration section */
		FB3BD0272721CD0800247239 /* Debug */ = {
			isa = XCBuildConfiguration;
			buildSettings = {
				ALWAYS_SEARCH_USER_PATHS = NO;
				CLANG_ANALYZER_NONNULL = YES;
				CLANG_ANALYZER_NUMBER_OBJECT_CONVERSION = YES_AGGRESSIVE;
				CLANG_CXX_LANGUAGE_STANDARD = "gnu++17";
				CLANG_CXX_LIBRARY = "libc++";
				CLANG_ENABLE_MODULES = YES;
				CLANG_ENABLE_OBJC_ARC = YES;
				CLANG_ENABLE_OBJC_WEAK = YES;
				CLANG_WARN_BLOCK_CAPTURE_AUTORELEASING = YES;
				CLANG_WARN_BOOL_CONVERSION = YES;
				CLANG_WARN_COMMA = YES;
				CLANG_WARN_CONSTANT_CONVERSION = YES;
				CLANG_WARN_DEPRECATED_OBJC_IMPLEMENTATIONS = YES;
				CLANG_WARN_DIRECT_OBJC_ISA_USAGE = YES_ERROR;
				CLANG_WARN_DOCUMENTATION_COMMENTS = YES;
				CLANG_WARN_EMPTY_BODY = YES;
				CLANG_WARN_ENUM_CONVERSION = YES;
				CLANG_WARN_INFINITE_RECURSION = YES;
				CLANG_WARN_INT_CONVERSION = YES;
				CLANG_WARN_NON_LITERAL_NULL_CONVERSION = YES;
				CLANG_WARN_OBJC_IMPLICIT_RETAIN_SELF = YES;
				CLANG_WARN_OBJC_LITERAL_CONVERSION = YES;
				CLANG_WARN_OBJC_ROOT_CLASS = YES_ERROR;
				CLANG_WARN_QUOTED_INCLUDE_IN_FRAMEWORK_HEADER = YES;
				CLANG_WARN_RANGE_LOOP_ANALYSIS = YES;
				CLANG_WARN_STRICT_PROTOTYPES = YES;
				CLANG_WARN_SUSPICIOUS_MOVE = YES;
				CLANG_WARN_UNGUARDED_AVAILABILITY = YES_AGGRESSIVE;
				CLANG_WARN_UNREACHABLE_CODE = YES;
				CLANG_WARN__DUPLICATE_METHOD_MATCH = YES;
				COPY_PHASE_STRIP = NO;
				DEBUG_INFORMATION_FORMAT = dwarf;
				ENABLE_STRICT_OBJC_MSGSEND = YES;
				ENABLE_TESTABILITY = YES;
				GCC_C_LANGUAGE_STANDARD = gnu11;
				GCC_DYNAMIC_NO_PIC = NO;
				GCC_NO_COMMON_BLOCKS = YES;
				GCC_OPTIMIZATION_LEVEL = 0;
				GCC_PREPROCESSOR_DEFINITIONS = (
					"DEBUG=1",
					"$(inherited)",
				);
				GCC_WARN_64_TO_32_BIT_CONVERSION = YES;
				GCC_WARN_ABOUT_RETURN_TYPE = YES_ERROR;
				GCC_WARN_UNDECLARED_SELECTOR = YES;
				GCC_WARN_UNINITIALIZED_AUTOS = YES_AGGRESSIVE;
				GCC_WARN_UNUSED_FUNCTION = YES;
				GCC_WARN_UNUSED_VARIABLE = YES;
				IPHONEOS_DEPLOYMENT_TARGET = 15.0;
				MTL_ENABLE_DEBUG_INFO = INCLUDE_SOURCE;
				MTL_FAST_MATH = YES;
				ONLY_ACTIVE_ARCH = YES;
				SDKROOT = iphoneos;
				SWIFT_ACTIVE_COMPILATION_CONDITIONS = DEBUG;
				SWIFT_OPTIMIZATION_LEVEL = "-Onone";
			};
			name = Debug;
		};
		FB3BD0282721CD0800247239 /* Release */ = {
			isa = XCBuildConfiguration;
			buildSettings = {
				ALWAYS_SEARCH_USER_PATHS = NO;
				CLANG_ANALYZER_NONNULL = YES;
				CLANG_ANALYZER_NUMBER_OBJECT_CONVERSION = YES_AGGRESSIVE;
				CLANG_CXX_LANGUAGE_STANDARD = "gnu++17";
				CLANG_CXX_LIBRARY = "libc++";
				CLANG_ENABLE_MODULES = YES;
				CLANG_ENABLE_OBJC_ARC = YES;
				CLANG_ENABLE_OBJC_WEAK = YES;
				CLANG_WARN_BLOCK_CAPTURE_AUTORELEASING = YES;
				CLANG_WARN_BOOL_CONVERSION = YES;
				CLANG_WARN_COMMA = YES;
				CLANG_WARN_CONSTANT_CONVERSION = YES;
				CLANG_WARN_DEPRECATED_OBJC_IMPLEMENTATIONS = YES;
				CLANG_WARN_DIRECT_OBJC_ISA_USAGE = YES_ERROR;
				CLANG_WARN_DOCUMENTATION_COMMENTS = YES;
				CLANG_WARN_EMPTY_BODY = YES;
				CLANG_WARN_ENUM_CONVERSION = YES;
				CLANG_WARN_INFINITE_RECURSION = YES;
				CLANG_WARN_INT_CONVERSION = YES;
				CLANG_WARN_NON_LITERAL_NULL_CONVERSION = YES;
				CLANG_WARN_OBJC_IMPLICIT_RETAIN_SELF = YES;
				CLANG_WARN_OBJC_LITERAL_CONVERSION = YES;
				CLANG_WARN_OBJC_ROOT_CLASS = YES_ERROR;
				CLANG_WARN_QUOTED_INCLUDE_IN_FRAMEWORK_HEADER = YES;
				CLANG_WARN_RANGE_LOOP_ANALYSIS = YES;
				CLANG_WARN_STRICT_PROTOTYPES = YES;
				CLANG_WARN_SUSPICIOUS_MOVE = YES;
				CLANG_WARN_UNGUARDED_AVAILABILITY = YES_AGGRESSIVE;
				CLANG_WARN_UNREACHABLE_CODE = YES;
				CLANG_WARN__DUPLICATE_METHOD_MATCH = YES;
				COPY_PHASE_STRIP = NO;
				DEBUG_INFORMATION_FORMAT = "dwarf-with-dsym";
				ENABLE_NS_ASSERTIONS = NO;
				ENABLE_STRICT_OBJC_MSGSEND = YES;
				GCC_C_LANGUAGE_STANDARD = gnu11;
				GCC_NO_COMMON_BLOCKS = YES;
				GCC_WARN_64_TO_32_BIT_CONVERSION = YES;
				GCC_WARN_ABOUT_RETURN_TYPE = YES_ERROR;
				GCC_WARN_UNDECLARED_SELECTOR = YES;
				GCC_WARN_UNINITIALIZED_AUTOS = YES_AGGRESSIVE;
				GCC_WARN_UNUSED_FUNCTION = YES;
				GCC_WARN_UNUSED_VARIABLE = YES;
				IPHONEOS_DEPLOYMENT_TARGET = 15.0;
				MTL_ENABLE_DEBUG_INFO = NO;
				MTL_FAST_MATH = YES;
				SDKROOT = iphoneos;
				SWIFT_COMPILATION_MODE = wholemodule;
				SWIFT_OPTIMIZATION_LEVEL = "-O";
				VALIDATE_PRODUCT = YES;
			};
			name = Release;
		};
		FB3BD02A2721CD0800247239 /* Debug */ = {
			isa = XCBuildConfiguration;
			buildSettings = {
				ASSETCATALOG_COMPILER_APPICON_NAME = AppIcon;
				ASSETCATALOG_COMPILER_GLOBAL_ACCENT_COLOR_NAME = AccentColor;
				CODE_SIGN_STYLE = Automatic;
				CURRENT_PROJECT_VERSION = 1;
				DEVELOPMENT_ASSET_PATHS = "\"iChoose/Preview Content\"";
				DEVELOPMENT_TEAM = G88N4V9854;
				ENABLE_PREVIEWS = YES;
				GENERATE_INFOPLIST_FILE = YES;
				INFOPLIST_KEY_UIApplicationSceneManifest_Generation = YES;
				INFOPLIST_KEY_UIApplicationSupportsIndirectInputEvents = YES;
				INFOPLIST_KEY_UILaunchScreen_Generation = YES;
				INFOPLIST_KEY_UISupportedInterfaceOrientations_iPad = "UIInterfaceOrientationPortrait UIInterfaceOrientationPortraitUpsideDown UIInterfaceOrientationLandscapeLeft UIInterfaceOrientationLandscapeRight";
				INFOPLIST_KEY_UISupportedInterfaceOrientations_iPhone = "UIInterfaceOrientationPortrait UIInterfaceOrientationLandscapeLeft UIInterfaceOrientationLandscapeRight";
				IPHONEOS_DEPLOYMENT_TARGET = 14.0;
				LD_RUNPATH_SEARCH_PATHS = (
					"$(inherited)",
					"@executable_path/Frameworks",
				);
				MARKETING_VERSION = 1.0;
				PRODUCT_BUNDLE_IDENTIFIER = notdefine.iChoose;
				PRODUCT_NAME = "$(TARGET_NAME)";
				SWIFT_EMIT_LOC_STRINGS = YES;
				SWIFT_VERSION = 5.0;
				TARGETED_DEVICE_FAMILY = "1,2";
			};
			name = Debug;
		};
		FB3BD02B2721CD0800247239 /* Release */ = {
			isa = XCBuildConfiguration;
			buildSettings = {
				ASSETCATALOG_COMPILER_APPICON_NAME = AppIcon;
				ASSETCATALOG_COMPILER_GLOBAL_ACCENT_COLOR_NAME = AccentColor;
				CODE_SIGN_STYLE = Automatic;
				CURRENT_PROJECT_VERSION = 1;
				DEVELOPMENT_ASSET_PATHS = "\"iChoose/Preview Content\"";
				DEVELOPMENT_TEAM = G88N4V9854;
				ENABLE_PREVIEWS = YES;
				GENERATE_INFOPLIST_FILE = YES;
				INFOPLIST_KEY_UIApplicationSceneManifest_Generation = YES;
				INFOPLIST_KEY_UIApplicationSupportsIndirectInputEvents = YES;
				INFOPLIST_KEY_UILaunchScreen_Generation = YES;
				INFOPLIST_KEY_UISupportedInterfaceOrientations_iPad = "UIInterfaceOrientationPortrait UIInterfaceOrientationPortraitUpsideDown UIInterfaceOrientationLandscapeLeft UIInterfaceOrientationLandscapeRight";
				INFOPLIST_KEY_UISupportedInterfaceOrientations_iPhone = "UIInterfaceOrientationPortrait UIInterfaceOrientationLandscapeLeft UIInterfaceOrientationLandscapeRight";
				IPHONEOS_DEPLOYMENT_TARGET = 14.0;
				LD_RUNPATH_SEARCH_PATHS = (
					"$(inherited)",
					"@executable_path/Frameworks",
				);
				MARKETING_VERSION = 1.0;
				PRODUCT_BUNDLE_IDENTIFIER = notdefine.iChoose;
				PRODUCT_NAME = "$(TARGET_NAME)";
				SWIFT_EMIT_LOC_STRINGS = YES;
				SWIFT_VERSION = 5.0;
				TARGETED_DEVICE_FAMILY = "1,2";
			};
			name = Release;
		};
/* End XCBuildConfiguration section */

/* Begin XCConfigurationList section */
		FB3BD0162721CD0600247239 /* Build configuration list for PBXProject "iChoose" */ = {
			isa = XCConfigurationList;
			buildConfigurations = (
				FB3BD0272721CD0800247239 /* Debug */,
				FB3BD0282721CD0800247239 /* Release */,
			);
			defaultConfigurationIsVisible = 0;
			defaultConfigurationName = Release;
		};
		FB3BD0292721CD0800247239 /* Build configuration list for PBXNativeTarget "iChoose" */ = {
			isa = XCConfigurationList;
			buildConfigurations = (
				FB3BD02A2721CD0800247239 /* Debug */,
				FB3BD02B2721CD0800247239 /* Release */,
			);
			defaultConfigurationIsVisible = 0;
			defaultConfigurationName = Release;
		};
/* End XCConfigurationList section */
	};
	rootObject = FB3BD0132721CD0600247239 /* Project object */;
}
